// !$*UTF8*$!
{
	archiveVersion = 1;
	classes = {
	};
	objectVersion = 46;
	objects = {

/* Begin PBXBuildFile section */
		BC8EC45C1B89B21000435F34 /* AppDelegate.swift in Sources */ = {isa = PBXBuildFile; fileRef = BC8EC45B1B89B21000435F34 /* AppDelegate.swift */; };
		BC8EC45E1B89B21000435F34 /* ViewController.swift in Sources */ = {isa = PBXBuildFile; fileRef = BC8EC45D1B89B21000435F34 /* ViewController.swift */; };
		BC8EC4611B89B21000435F34 /* Main.storyboard in Resources */ = {isa = PBXBuildFile; fileRef = BC8EC45F1B89B21000435F34 /* Main.storyboard */; };
		BC8EC4631B89B21000435F34 /* Assets.xcassets in Resources */ = {isa = PBXBuildFile; fileRef = BC8EC4621B89B21000435F34 /* Assets.xcassets */; };
		BC8EC4661B89B21000435F34 /* LaunchScreen.storyboard in Resources */ = {isa = PBXBuildFile; fileRef = BC8EC4641B89B21000435F34 /* LaunchScreen.storyboard */; };
		BC8EC46E1B89B2FB00435F34 /* BankTabBarViewController.swift in Sources */ = {isa = PBXBuildFile; fileRef = BC8EC46D1B89B2FA00435F34 /* BankTabBarViewController.swift */; };
		BCE60EFE1B8ABC5F004D2276 /* tabbar_new_bg_6@2x.png in Resources */ = {isa = PBXBuildFile; fileRef = BCE60EFC1B8ABC5F004D2276 /* tabbar_new_bg_6@2x.png */; };
		BCE60EFF1B8ABC5F004D2276 /* tabbar_new_bg_6@3x.png in Resources */ = {isa = PBXBuildFile; fileRef = BCE60EFD1B8ABC5F004D2276 /* tabbar_new_bg_6@3x.png */; };
		BCE60F151B8AC050004D2276 /* tabbar_image_3_0@2x.png in Resources */ = {isa = PBXBuildFile; fileRef = BCE60F011B8AC050004D2276 /* tabbar_image_3_0@2x.png */; };
		BCE60F161B8AC050004D2276 /* tabbar_image_3_0@3x.png in Resources */ = {isa = PBXBuildFile; fileRef = BCE60F021B8AC050004D2276 /* tabbar_image_3_0@3x.png */; };
		BCE60F171B8AC050004D2276 /* tabbar_image_3_1@2x.png in Resources */ = {isa = PBXBuildFile; fileRef = BCE60F031B8AC050004D2276 /* tabbar_image_3_1@2x.png */; };
		BCE60F181B8AC050004D2276 /* tabbar_image_3_1@3x.png in Resources */ = {isa = PBXBuildFile; fileRef = BCE60F041B8AC050004D2276 /* tabbar_image_3_1@3x.png */; };
		BCE60F191B8AC050004D2276 /* tabbar_image_3_2@2x.png in Resources */ = {isa = PBXBuildFile; fileRef = BCE60F051B8AC050004D2276 /* tabbar_image_3_2@2x.png */; };
		BCE60F1A1B8AC050004D2276 /* tabbar_image_3_2@3x.png in Resources */ = {isa = PBXBuildFile; fileRef = BCE60F061B8AC050004D2276 /* tabbar_image_3_2@3x.png */; };
		BCE60F1B1B8AC050004D2276 /* tabbar_image_3_3@2x.png in Resources */ = {isa = PBXBuildFile; fileRef = BCE60F071B8AC050004D2276 /* tabbar_image_3_3@2x.png */; };
		BCE60F1C1B8AC050004D2276 /* tabbar_image_3_3@3x.png in Resources */ = {isa = PBXBuildFile; fileRef = BCE60F081B8AC050004D2276 /* tabbar_image_3_3@3x.png */; };
		BCE60F1D1B8AC050004D2276 /* tabbar_image_3_4@2x.png in Resources */ = {isa = PBXBuildFile; fileRef = BCE60F091B8AC050004D2276 /* tabbar_image_3_4@2x.png */; };
		BCE60F1E1B8AC050004D2276 /* tabbar_image_3_4@3x.png in Resources */ = {isa = PBXBuildFile; fileRef = BCE60F0A1B8AC050004D2276 /* tabbar_image_3_4@3x.png */; };
		BCE60F1F1B8AC050004D2276 /* tabbar_image_selected_3_0@2x.png in Resources */ = {isa = PBXBuildFile; fileRef = BCE60F0B1B8AC050004D2276 /* tabbar_image_selected_3_0@2x.png */; };
		BCE60F201B8AC050004D2276 /* tabbar_image_selected_3_0@3x.png in Resources */ = {isa = PBXBuildFile; fileRef = BCE60F0C1B8AC050004D2276 /* tabbar_image_selected_3_0@3x.png */; };
		BCE60F211B8AC050004D2276 /* tabbar_image_selected_3_1@2x.png in Resources */ = {isa = PBXBuildFile; fileRef = BCE60F0D1B8AC050004D2276 /* tabbar_image_selected_3_1@2x.png */; };
		BCE60F221B8AC050004D2276 /* tabbar_image_selected_3_1@3x.png in Resources */ = {isa = PBXBuildFile; fileRef = BCE60F0E1B8AC050004D2276 /* tabbar_image_selected_3_1@3x.png */; };
		BCE60F231B8AC050004D2276 /* tabbar_image_selected_3_2@2x.png in Resources */ = {isa = PBXBuildFile; fileRef = BCE60F0F1B8AC050004D2276 /* tabbar_image_selected_3_2@2x.png */; };
		BCE60F241B8AC050004D2276 /* tabbar_image_selected_3_2@3x.png in Resources */ = {isa = PBXBuildFile; fileRef = BCE60F101B8AC050004D2276 /* tabbar_image_selected_3_2@3x.png */; };
		BCE60F251B8AC050004D2276 /* tabbar_image_selected_3_3@2x.png in Resources */ = {isa = PBXBuildFile; fileRef = BCE60F111B8AC050004D2276 /* tabbar_image_selected_3_3@2x.png */; };
		BCE60F261B8AC050004D2276 /* tabbar_image_selected_3_3@3x.png in Resources */ = {isa = PBXBuildFile; fileRef = BCE60F121B8AC050004D2276 /* tabbar_image_selected_3_3@3x.png */; };
		BCE60F271B8AC050004D2276 /* tabbar_image_selected_3_4@2x.png in Resources */ = {isa = PBXBuildFile; fileRef = BCE60F131B8AC050004D2276 /* tabbar_image_selected_3_4@2x.png */; };
		BCE60F281B8AC050004D2276 /* tabbar_image_selected_3_4@3x.png in Resources */ = {isa = PBXBuildFile; fileRef = BCE60F141B8AC050004D2276 /* tabbar_image_selected_3_4@3x.png */; };
		BCFAA9EF1B8B0FE5008C0B13 /* ccr_now_me@2x.png in Resources */ = {isa = PBXBuildFile; fileRef = BCFAA9ED1B8B0FE5008C0B13 /* ccr_now_me@2x.png */; };
		BCFAA9F01B8B0FE5008C0B13 /* ccr_now_me@3x.png in Resources */ = {isa = PBXBuildFile; fileRef = BCFAA9EE1B8B0FE5008C0B13 /* ccr_now_me@3x.png */; };
		BCFAA9F31B8B1C6B008C0B13 /* strangeViewController.swift in Sources */ = {isa = PBXBuildFile; fileRef = BCFAA9F21B8B1C6B008C0B13 /* strangeViewController.swift */; };
		BCFAA9F61B8B1D4F008C0B13 /* strangeCollectionViewCell.xib in Resources */ = {isa = PBXBuildFile; fileRef = BCFAA9F51B8B1D4F008C0B13 /* strangeCollectionViewCell.xib */; };
		BCFAA9F81B8B1F9A008C0B13 /* strangeCollectionViewCell.swift in Sources */ = {isa = PBXBuildFile; fileRef = BCFAA9F71B8B1F9A008C0B13 /* strangeCollectionViewCell.swift */; };
/* End PBXBuildFile section */

/* Begin PBXFileReference section */
		BC8EC4581B89B21000435F34 /* bankApp.app */ = {isa = PBXFileReference; explicitFileType = wrapper.application; includeInIndex = 0; path = bankApp.app; sourceTree = BUILT_PRODUCTS_DIR; };
		BC8EC45B1B89B21000435F34 /* AppDelegate.swift */ = {isa = PBXFileReference; lastKnownFileType = sourcecode.swift; path = AppDelegate.swift; sourceTree = "<group>"; };
		BC8EC45D1B89B21000435F34 /* ViewController.swift */ = {isa = PBXFileReference; lastKnownFileType = sourcecode.swift; path = ViewController.swift; sourceTree = "<group>"; };
		BC8EC4601B89B21000435F34 /* Base */ = {isa = PBXFileReference; lastKnownFileType = file.storyboard; name = Base; path = Base.lproj/Main.storyboard; sourceTree = "<group>"; };
		BC8EC4621B89B21000435F34 /* Assets.xcassets */ = {isa = PBXFileReference; lastKnownFileType = folder.assetcatalog; path = Assets.xcassets; sourceTree = "<group>"; };
		BC8EC4651B89B21000435F34 /* Base */ = {isa = PBXFileReference; lastKnownFileType = file.storyboard; name = Base; path = Base.lproj/LaunchScreen.storyboard; sourceTree = "<group>"; };
		BC8EC4671B89B21000435F34 /* Info.plist */ = {isa = PBXFileReference; lastKnownFileType = text.plist.xml; path = Info.plist; sourceTree = "<group>"; };
		BC8EC46D1B89B2FA00435F34 /* BankTabBarViewController.swift */ = {isa = PBXFileReference; fileEncoding = 4; lastKnownFileType = sourcecode.swift; path = BankTabBarViewController.swift; sourceTree = "<group>"; };
		BCE60EFC1B8ABC5F004D2276 /* tabbar_new_bg_6@2x.png */ = {isa = PBXFileReference; lastKnownFileType = image.png; path = "tabbar_new_bg_6@2x.png"; sourceTree = "<group>"; };
		BCE60EFD1B8ABC5F004D2276 /* tabbar_new_bg_6@3x.png */ = {isa = PBXFileReference; lastKnownFileType = image.png; path = "tabbar_new_bg_6@3x.png"; sourceTree = "<group>"; };
		BCE60F011B8AC050004D2276 /* tabbar_image_3_0@2x.png */ = {isa = PBXFileReference; lastKnownFileType = image.png; path = "tabbar_image_3_0@2x.png"; sourceTree = "<group>"; };
		BCE60F021B8AC050004D2276 /* tabbar_image_3_0@3x.png */ = {isa = PBXFileReference; lastKnownFileType = image.png; path = "tabbar_image_3_0@3x.png"; sourceTree = "<group>"; };
		BCE60F031B8AC050004D2276 /* tabbar_image_3_1@2x.png */ = {isa = PBXFileReference; lastKnownFileType = image.png; path = "tabbar_image_3_1@2x.png"; sourceTree = "<group>"; };
		BCE60F041B8AC050004D2276 /* tabbar_image_3_1@3x.png */ = {isa = PBXFileReference; lastKnownFileType = image.png; path = "tabbar_image_3_1@3x.png"; sourceTree = "<group>"; };
		BCE60F051B8AC050004D2276 /* tabbar_image_3_2@2x.png */ = {isa = PBXFileReference; lastKnownFileType = image.png; path = "tabbar_image_3_2@2x.png"; sourceTree = "<group>"; };
		BCE60F061B8AC050004D2276 /* tabbar_image_3_2@3x.png */ = {isa = PBXFileReference; lastKnownFileType = image.png; path = "tabbar_image_3_2@3x.png"; sourceTree = "<group>"; };
		BCE60F071B8AC050004D2276 /* tabbar_image_3_3@2x.png */ = {isa = PBXFileReference; lastKnownFileType = image.png; path = "tabbar_image_3_3@2x.png"; sourceTree = "<group>"; };
		BCE60F081B8AC050004D2276 /* tabbar_image_3_3@3x.png */ = {isa = PBXFileReference; lastKnownFileType = image.png; path = "tabbar_image_3_3@3x.png"; sourceTree = "<group>"; };
		BCE60F091B8AC050004D2276 /* tabbar_image_3_4@2x.png */ = {isa = PBXFileReference; lastKnownFileType = image.png; path = "tabbar_image_3_4@2x.png"; sourceTree = "<group>"; };
		BCE60F0A1B8AC050004D2276 /* tabbar_image_3_4@3x.png */ = {isa = PBXFileReference; lastKnownFileType = image.png; path = "tabbar_image_3_4@3x.png"; sourceTree = "<group>"; };
		BCE60F0B1B8AC050004D2276 /* tabbar_image_selected_3_0@2x.png */ = {isa = PBXFileReference; lastKnownFileType = image.png; path = "tabbar_image_selected_3_0@2x.png"; sourceTree = "<group>"; };
		BCE60F0C1B8AC050004D2276 /* tabbar_image_selected_3_0@3x.png */ = {isa = PBXFileReference; lastKnownFileType = image.png; path = "tabbar_image_selected_3_0@3x.png"; sourceTree = "<group>"; };
		BCE60F0D1B8AC050004D2276 /* tabbar_image_selected_3_1@2x.png */ = {isa = PBXFileReference; lastKnownFileType = image.png; path = "tabbar_image_selected_3_1@2x.png"; sourceTree = "<group>"; };
		BCE60F0E1B8AC050004D2276 /* tabbar_image_selected_3_1@3x.png */ = {isa = PBXFileReference; lastKnownFileType = image.png; path = "tabbar_image_selected_3_1@3x.png"; sourceTree = "<group>"; };
		BCE60F0F1B8AC050004D2276 /* tabbar_image_selected_3_2@2x.png */ = {isa = PBXFileReference; lastKnownFileType = image.png; path = "tabbar_image_selected_3_2@2x.png"; sourceTree = "<group>"; };
		BCE60F101B8AC050004D2276 /* tabbar_image_selected_3_2@3x.png */ = {isa = PBXFileReference; lastKnownFileType = image.png; path = "tabbar_image_selected_3_2@3x.png"; sourceTree = "<group>"; };
		BCE60F111B8AC050004D2276 /* tabbar_image_selected_3_3@2x.png */ = {isa = PBXFileReference; lastKnownFileType = image.png; path = "tabbar_image_selected_3_3@2x.png"; sourceTree = "<group>"; };
		BCE60F121B8AC050004D2276 /* tabbar_image_selected_3_3@3x.png */ = {isa = PBXFileReference; lastKnownFileType = image.png; path = "tabbar_image_selected_3_3@3x.png"; sourceTree = "<group>"; };
		BCE60F131B8AC050004D2276 /* tabbar_image_selected_3_4@2x.png */ = {isa = PBXFileReference; lastKnownFileType = image.png; path = "tabbar_image_selected_3_4@2x.png"; sourceTree = "<group>"; };
		BCE60F141B8AC050004D2276 /* tabbar_image_selected_3_4@3x.png */ = {isa = PBXFileReference; lastKnownFileType = image.png; path = "tabbar_image_selected_3_4@3x.png"; sourceTree = "<group>"; };
		BCFAA9ED1B8B0FE5008C0B13 /* ccr_now_me@2x.png */ = {isa = PBXFileReference; lastKnownFileType = image.png; path = "ccr_now_me@2x.png"; sourceTree = "<group>"; };
		BCFAA9EE1B8B0FE5008C0B13 /* ccr_now_me@3x.png */ = {isa = PBXFileReference; lastKnownFileType = image.png; path = "ccr_now_me@3x.png"; sourceTree = "<group>"; };
		BCFAA9F21B8B1C6B008C0B13 /* strangeViewController.swift */ = {isa = PBXFileReference; fileEncoding = 4; lastKnownFileType = sourcecode.swift; path = strangeViewController.swift; sourceTree = "<group>"; };
		BCFAA9F51B8B1D4F008C0B13 /* strangeCollectionViewCell.xib */ = {isa = PBXFileReference; fileEncoding = 4; lastKnownFileType = file.xib; path = strangeCollectionViewCell.xib; sourceTree = "<group>"; };
		BCFAA9F71B8B1F9A008C0B13 /* strangeCollectionViewCell.swift */ = {isa = PBXFileReference; fileEncoding = 4; lastKnownFileType = sourcecode.swift; path = strangeCollectionViewCell.swift; sourceTree = "<group>"; };
/* End PBXFileReference section */

/* Begin PBXFrameworksBuildPhase section */
		BC8EC4551B89B21000435F34 /* Frameworks */ = {
			isa = PBXFrameworksBuildPhase;
			buildActionMask = 2147483647;
			files = (
			);
			runOnlyForDeploymentPostprocessing = 0;
		};
/* End PBXFrameworksBuildPhase section */

/* Begin PBXGroup section */
		BC8EC44F1B89B21000435F34 = {
			isa = PBXGroup;
			children = (
				BC8EC45A1B89B21000435F34 /* bankApp */,
				BC8EC4591B89B21000435F34 /* Products */,
			);
			sourceTree = "<group>";
		};
		BC8EC4591B89B21000435F34 /* Products */ = {
			isa = PBXGroup;
			children = (
				BC8EC4581B89B21000435F34 /* bankApp.app */,
			);
			name = Products;
			sourceTree = "<group>";
		};
		BC8EC45A1B89B21000435F34 /* bankApp */ = {
			isa = PBXGroup;
			children = (
				BCFAA9F41B8B1D0A008C0B13 /* xib */,
				BCFAA9F11B8B1C36008C0B13 /* viewCtonrollers */,
				BC8EC46F1B89B95800435F34 /* Resources */,
				BC8EC45B1B89B21000435F34 /* AppDelegate.swift */,
				BC8EC45D1B89B21000435F34 /* ViewController.swift */,
				BC8EC45F1B89B21000435F34 /* Main.storyboard */,
				BC8EC4621B89B21000435F34 /* Assets.xcassets */,
				BC8EC4641B89B21000435F34 /* LaunchScreen.storyboard */,
				BC8EC4671B89B21000435F34 /* Info.plist */,
				BC8EC46D1B89B2FA00435F34 /* BankTabBarViewController.swift */,
			);
			path = bankApp;
			sourceTree = "<group>";
		};
		BC8EC46F1B89B95800435F34 /* Resources */ = {
			isa = PBXGroup;
			children = (
				BCFAA9EC1B8B0FD9008C0B13 /* images */,
				BCE60F001B8AC050004D2276 /* near */,
				BCE60EFC1B8ABC5F004D2276 /* tabbar_new_bg_6@2x.png */,
				BCE60EFD1B8ABC5F004D2276 /* tabbar_new_bg_6@3x.png */,
			);
			path = Resources;
			sourceTree = "<group>";
		};
		BCE60F001B8AC050004D2276 /* near */ = {
			isa = PBXGroup;
			children = (
				BCE60F011B8AC050004D2276 /* tabbar_image_3_0@2x.png */,
				BCE60F021B8AC050004D2276 /* tabbar_image_3_0@3x.png */,
				BCE60F031B8AC050004D2276 /* tabbar_image_3_1@2x.png */,
				BCE60F041B8AC050004D2276 /* tabbar_image_3_1@3x.png */,
				BCE60F051B8AC050004D2276 /* tabbar_image_3_2@2x.png */,
				BCE60F061B8AC050004D2276 /* tabbar_image_3_2@3x.png */,
				BCE60F071B8AC050004D2276 /* tabbar_image_3_3@2x.png */,
				BCE60F081B8AC050004D2276 /* tabbar_image_3_3@3x.png */,
				BCE60F091B8AC050004D2276 /* tabbar_image_3_4@2x.png */,
				BCE60F0A1B8AC050004D2276 /* tabbar_image_3_4@3x.png */,
				BCE60F0B1B8AC050004D2276 /* tabbar_image_selected_3_0@2x.png */,
				BCE60F0C1B8AC050004D2276 /* tabbar_image_selected_3_0@3x.png */,
				BCE60F0D1B8AC050004D2276 /* tabbar_image_selected_3_1@2x.png */,
				BCE60F0E1B8AC050004D2276 /* tabbar_image_selected_3_1@3x.png */,
				BCE60F0F1B8AC050004D2276 /* tabbar_image_selected_3_2@2x.png */,
				BCE60F101B8AC050004D2276 /* tabbar_image_selected_3_2@3x.png */,
				BCE60F111B8AC050004D2276 /* tabbar_image_selected_3_3@2x.png */,
				BCE60F121B8AC050004D2276 /* tabbar_image_selected_3_3@3x.png */,
				BCE60F131B8AC050004D2276 /* tabbar_image_selected_3_4@2x.png */,
				BCE60F141B8AC050004D2276 /* tabbar_image_selected_3_4@3x.png */,
			);
			path = near;
			sourceTree = "<group>";
		};
		BCFAA9EC1B8B0FD9008C0B13 /* images */ = {
			isa = PBXGroup;
			children = (
				BCFAA9ED1B8B0FE5008C0B13 /* ccr_now_me@2x.png */,
				BCFAA9EE1B8B0FE5008C0B13 /* ccr_now_me@3x.png */,
			);
			path = images;
			sourceTree = "<group>";
		};
		BCFAA9F11B8B1C36008C0B13 /* viewCtonrollers */ = {
			isa = PBXGroup;
			children = (
				BCFAA9F21B8B1C6B008C0B13 /* strangeViewController.swift */,
			);
			name = viewCtonrollers;
			sourceTree = "<group>";
		};
		BCFAA9F41B8B1D0A008C0B13 /* xib */ = {
			isa = PBXGroup;
			children = (
				BCFAA9F51B8B1D4F008C0B13 /* strangeCollectionViewCell.xib */,
				BCFAA9F71B8B1F9A008C0B13 /* strangeCollectionViewCell.swift */,
			);
			name = xib;
			sourceTree = "<group>";
		};
/* End PBXGroup section */

/* Begin PBXNativeTarget section */
		BC8EC4571B89B21000435F34 /* bankApp */ = {
			isa = PBXNativeTarget;
			buildConfigurationList = BC8EC46A1B89B21000435F34 /* Build configuration list for PBXNativeTarget "bankApp" */;
			buildPhases = (
				BC8EC4541B89B21000435F34 /* Sources */,
				BC8EC4551B89B21000435F34 /* Frameworks */,
				BC8EC4561B89B21000435F34 /* Resources */,
			);
			buildRules = (
			);
			dependencies = (
			);
			name = bankApp;
			productName = bankApp;
			productReference = BC8EC4581B89B21000435F34 /* bankApp.app */;
			productType = "com.apple.product-type.application";
		};
/* End PBXNativeTarget section */

/* Begin PBXProject section */
		BC8EC4501B89B21000435F34 /* Project object */ = {
			isa = PBXProject;
			attributes = {
				LastUpgradeCheck = 0700;
				ORGANIZATIONNAME = "王志";
				TargetAttributes = {
					BC8EC4571B89B21000435F34 = {
						CreatedOnToolsVersion = 7.0;
						DevelopmentTeam = G6JSA4XT55;
					};
				};
			};
			buildConfigurationList = BC8EC4531B89B21000435F34 /* Build configuration list for PBXProject "bankApp" */;
			compatibilityVersion = "Xcode 3.2";
			developmentRegion = English;
			hasScannedForEncodings = 0;
			knownRegions = (
				en,
				Base,
			);
			mainGroup = BC8EC44F1B89B21000435F34;
			productRefGroup = BC8EC4591B89B21000435F34 /* Products */;
			projectDirPath = "";
			projectRoot = "";
			targets = (
				BC8EC4571B89B21000435F34 /* bankApp */,
			);
		};
/* End PBXProject section */

/* Begin PBXResourcesBuildPhase section */
		BC8EC4561B89B21000435F34 /* Resources */ = {
			isa = PBXResourcesBuildPhase;
			buildActionMask = 2147483647;
			files = (
				BCFAA9F01B8B0FE5008C0B13 /* ccr_now_me@3x.png in Resources */,
				BC8EC4661B89B21000435F34 /* LaunchScreen.storyboard in Resources */,
				BCE60F181B8AC050004D2276 /* tabbar_image_3_1@3x.png in Resources */,
				BCE60F281B8AC050004D2276 /* tabbar_image_selected_3_4@3x.png in Resources */,
				BCE60F251B8AC050004D2276 /* tabbar_image_selected_3_3@2x.png in Resources */,
				BCE60F1A1B8AC050004D2276 /* tabbar_image_3_2@3x.png in Resources */,
				BCE60EFF1B8ABC5F004D2276 /* tabbar_new_bg_6@3x.png in Resources */,
				BCE60F1F1B8AC050004D2276 /* tabbar_image_selected_3_0@2x.png in Resources */,
				BCE60EFE1B8ABC5F004D2276 /* tabbar_new_bg_6@2x.png in Resources */,
				BCFAA9F61B8B1D4F008C0B13 /* strangeCollectionViewCell.xib in Resources */,
				BCE60F271B8AC050004D2276 /* tabbar_image_selected_3_4@2x.png in Resources */,
				BCE60F151B8AC050004D2276 /* tabbar_image_3_0@2x.png in Resources */,
				BCE60F261B8AC050004D2276 /* tabbar_image_selected_3_3@3x.png in Resources */,
				BCE60F161B8AC050004D2276 /* tabbar_image_3_0@3x.png in Resources */,
				BCE60F231B8AC050004D2276 /* tabbar_image_selected_3_2@2x.png in Resources */,
				BCE60F201B8AC050004D2276 /* tabbar_image_selected_3_0@3x.png in Resources */,
				BCE60F1C1B8AC050004D2276 /* tabbar_image_3_3@3x.png in Resources */,
				BCE60F1E1B8AC050004D2276 /* tabbar_image_3_4@3x.png in Resources */,
				BCFAA9EF1B8B0FE5008C0B13 /* ccr_now_me@2x.png in Resources */,
				BCE60F191B8AC050004D2276 /* tabbar_image_3_2@2x.png in Resources */,
				BCE60F221B8AC050004D2276 /* tabbar_image_selected_3_1@3x.png in Resources */,
				BCE60F241B8AC050004D2276 /* tabbar_image_selected_3_2@3x.png in Resources */,
				BCE60F171B8AC050004D2276 /* tabbar_image_3_1@2x.png in Resources */,
				BCE60F1D1B8AC050004D2276 /* tabbar_image_3_4@2x.png in Resources */,
				BC8EC4631B89B21000435F34 /* Assets.xcassets in Resources */,
				BC8EC4611B89B21000435F34 /* Main.storyboard in Resources */,
				BCE60F1B1B8AC050004D2276 /* tabbar_image_3_3@2x.png in Resources */,
				BCE60F211B8AC050004D2276 /* tabbar_image_selected_3_1@2x.png in Resources */,
			);
			runOnlyForDeploymentPostprocessing = 0;
		};
/* End PBXResourcesBuildPhase section */

/* Begin PBXSourcesBuildPhase section */
		BC8EC4541B89B21000435F34 /* Sources */ = {
			isa = PBXSourcesBuildPhase;
			buildActionMask = 2147483647;
			files = (
				BCFAA9F81B8B1F9A008C0B13 /* strangeCollectionViewCell.swift in Sources */,
				BC8EC46E1B89B2FB00435F34 /* BankTabBarViewController.swift in Sources */,
				BCFAA9F31B8B1C6B008C0B13 /* strangeViewController.swift in Sources */,
				BC8EC45E1B89B21000435F34 /* ViewController.swift in Sources */,
				BC8EC45C1B89B21000435F34 /* AppDelegate.swift in Sources */,
			);
			runOnlyForDeploymentPostprocessing = 0;
		};
/* End PBXSourcesBuildPhase section */

/* Begin PBXVariantGroup section */
		BC8EC45F1B89B21000435F34 /* Main.storyboard */ = {
			isa = PBXVariantGroup;
			children = (
				BC8EC4601B89B21000435F34 /* Base */,
			);
			name = Main.storyboard;
			sourceTree = "<group>";
		};
		BC8EC4641B89B21000435F34 /* LaunchScreen.storyboard */ = {
			isa = PBXVariantGroup;
			children = (
				BC8EC4651B89B21000435F34 /* Base */,
			);
			name = LaunchScreen.storyboard;
			sourceTree = "<group>";
		};
/* End PBXVariantGroup section */

/* Begin XCBuildConfiguration section */
		BC8EC4681B89B21000435F34 /* Debug */ = {
			isa = XCBuildConfiguration;
			buildSettings = {
				ALWAYS_SEARCH_USER_PATHS = NO;
				CLANG_CXX_LANGUAGE_STANDARD = "gnu++0x";
				CLANG_CXX_LIBRARY = "libc++";
				CLANG_ENABLE_MODULES = YES;
				CLANG_ENABLE_OBJC_ARC = YES;
				CLANG_WARN_BOOL_CONVERSION = YES;
				CLANG_WARN_CONSTANT_CONVERSION = YES;
				CLANG_WARN_DIRECT_OBJC_ISA_USAGE = YES_ERROR;
				CLANG_WARN_EMPTY_BODY = YES;
				CLANG_WARN_ENUM_CONVERSION = YES;
				CLANG_WARN_INT_CONVERSION = YES;
				CLANG_WARN_OBJC_ROOT_CLASS = YES_ERROR;
				CLANG_WARN_UNREACHABLE_CODE = YES;
				CLANG_WARN__DUPLICATE_METHOD_MATCH = YES;
				"CODE_SIGN_IDENTITY[sdk=iphoneos*]" = "iPhone Developer";
				COPY_PHASE_STRIP = NO;
				DEBUG_INFORMATION_FORMAT = dwarf;
				ENABLE_STRICT_OBJC_MSGSEND = YES;
				ENABLE_TESTABILITY = YES;
				GCC_C_LANGUAGE_STANDARD = gnu99;
				GCC_DYNAMIC_NO_PIC = NO;
				GCC_NO_COMMON_BLOCKS = YES;
				GCC_OPTIMIZATION_LEVEL = 0;
				GCC_PREPROCESSOR_DEFINITIONS = (
					"DEBUG=1",
					"$(inherited)",
				);
				GCC_WARN_64_TO_32_BIT_CONVERSION = YES;
				GCC_WARN_ABOUT_RETURN_TYPE = YES_ERROR;
				GCC_WARN_UNDECLARED_SELECTOR = YES;
				GCC_WARN_UNINITIALIZED_AUTOS = YES_AGGRESSIVE;
				GCC_WARN_UNUSED_FUNCTION = YES;
				GCC_WARN_UNUSED_VARIABLE = YES;
				IPHONEOS_DEPLOYMENT_TARGET = 9.0;
				MTL_ENABLE_DEBUG_INFO = YES;
				ONLY_ACTIVE_ARCH = YES;
				SDKROOT = iphoneos;
				SWIFT_OPTIMIZATION_LEVEL = "-Onone";
			};
			name = Debug;
		};
		BC8EC4691B89B21000435F34 /* Release */ = {
			isa = XCBuildConfiguration;
			buildSettings = {
				ALWAYS_SEARCH_USER_PATHS = NO;
				CLANG_CXX_LANGUAGE_STANDARD = "gnu++0x";
				CLANG_CXX_LIBRARY = "libc++";
				CLANG_ENABLE_MODULES = YES;
				CLANG_ENABLE_OBJC_ARC = YES;
				CLANG_WARN_BOOL_CONVERSION = YES;
				CLANG_WARN_CONSTANT_CONVERSION = YES;
				CLANG_WARN_DIRECT_OBJC_ISA_USAGE = YES_ERROR;
				CLANG_WARN_EMPTY_BODY = YES;
				CLANG_WARN_ENUM_CONVERSION = YES;
				CLANG_WARN_INT_CONVERSION = YES;
				CLANG_WARN_OBJC_ROOT_CLASS = YES_ERROR;
				CLANG_WARN_UNREACHABLE_CODE = YES;
				CLANG_WARN__DUPLICATE_METHOD_MATCH = YES;
				"CODE_SIGN_IDENTITY[sdk=iphoneos*]" = "iPhone Developer";
				COPY_PHASE_STRIP = NO;
				DEBUG_INFORMATION_FORMAT = "dwarf-with-dsym";
				ENABLE_NS_ASSERTIONS = NO;
				ENABLE_STRICT_OBJC_MSGSEND = YES;
				GCC_C_LANGUAGE_STANDARD = gnu99;
				GCC_NO_COMMON_BLOCKS = YES;
				GCC_WARN_64_TO_32_BIT_CONVERSION = YES;
				GCC_WARN_ABOUT_RETURN_TYPE = YES_ERROR;
				GCC_WARN_UNDECLARED_SELECTOR = YES;
				GCC_WARN_UNINITIALIZED_AUTOS = YES_AGGRESSIVE;
				GCC_WARN_UNUSED_FUNCTION = YES;
				GCC_WARN_UNUSED_VARIABLE = YES;
				IPHONEOS_DEPLOYMENT_TARGET = 9.0;
				MTL_ENABLE_DEBUG_INFO = NO;
				SDKROOT = iphoneos;
				VALIDATE_PRODUCT = YES;
			};
			name = Release;
		};
		BC8EC46B1B89B21000435F34 /* Debug */ = {
			isa = XCBuildConfiguration;
			buildSettings = {
				ASSETCATALOG_COMPILER_APPICON_NAME = AppIcon;
				CODE_SIGN_IDENTITY = "iPhone Developer";
				"CODE_SIGN_IDENTITY[sdk=iphoneos*]" = "iPhone Developer";
				EMBEDDED_CONTENT_CONTAINS_SWIFT = NO;
				GCC_SHORT_ENUMS = NO;
				INFOPLIST_FILE = bankApp/Info.plist;
				IPHONEOS_DEPLOYMENT_TARGET = 9.0;
				LD_RUNPATH_SEARCH_PATHS = "$(inherited) @executable_path/Frameworks";
				PRODUCT_BUNDLE_IDENTIFIER = wangzhi.bankApp;
				PRODUCT_NAME = "$(TARGET_NAME)";
				PROVISIONING_PROFILE = "";
				SDKROOT = iphoneos;
			};
			name = Debug;
		};
		BC8EC46C1B89B21000435F34 /* Release */ = {
			isa = XCBuildConfiguration;
			buildSettings = {
				ASSETCATALOG_COMPILER_APPICON_NAME = AppIcon;
				CODE_SIGN_IDENTITY = "iPhone Developer";
				"CODE_SIGN_IDENTITY[sdk=iphoneos*]" = "iPhone Developer";
				EMBEDDED_CONTENT_CONTAINS_SWIFT = NO;
				GCC_SHORT_ENUMS = NO;
				INFOPLIST_FILE = bankApp/Info.plist;
				IPHONEOS_DEPLOYMENT_TARGET = 9.0;
				LD_RUNPATH_SEARCH_PATHS = "$(inherited) @executable_path/Frameworks";
				PRODUCT_BUNDLE_IDENTIFIER = wangzhi.bankApp;
				PRODUCT_NAME = "$(TARGET_NAME)";
				PROVISIONING_PROFILE = "";
				SDKROOT = iphoneos;
			};
			name = Release;
		};
/* End XCBuildConfiguration section */

/* Begin XCConfigurationList section */
		BC8EC4531B89B21000435F34 /* Build configuration list for PBXProject "bankApp" */ = {
			isa = XCConfigurationList;
			buildConfigurations = (
				BC8EC4681B89B21000435F34 /* Debug */,
				BC8EC4691B89B21000435F34 /* Release */,
			);
			defaultConfigurationIsVisible = 0;
			defaultConfigurationName = Release;
		};
		BC8EC46A1B89B21000435F34 /* Build configuration list for PBXNativeTarget "bankApp" */ = {
			isa = XCConfigurationList;
			buildConfigurations = (
				BC8EC46B1B89B21000435F34 /* Debug */,
				BC8EC46C1B89B21000435F34 /* Release */,
			);
			defaultConfigurationIsVisible = 0;
			defaultConfigurationName = Release;
		};
/* End XCConfigurationList section */
	};
	rootObject = BC8EC4501B89B21000435F34 /* Project object */;
}
